
Microsoft Visual Studio Solution File, Format Version 12.00
# Visual Studio Version 17
VisualStudioVersion = 17.7.34024.191
MinimumVisualStudioVersion = 10.0.40219.1
Project("{FAE04EC0-301F-11D3-BF4B-00C04F79EFBC}") = "LeaveManagement.Web", "LeaveManagement.Web\LeaveManagement.Web.csproj", "{DCC90263-B2F9-4463-A5B1-E32E5AA8787C}"
EndProject
Global
	GlobalSection(SolutionConfigurationPlatforms) = preSolution
		Debug|Any CPU = Debug|Any CPU
		Release|Any CPU = Release|Any CPU
	EndGlobalSection
	GlobalSection(ProjectConfigurationPlatforms) = postSolution
		{DCC90263-B2F9-4463-A5B1-E32E5AA8787C}.Debug|Any CPU.ActiveCfg = Debug|Any CPU
		{DCC90263-B2F9-4463-A5B1-E32E5AA8787C}.Debug|Any CPU.Build.0 = Debug|Any CPU
		{DCC90263-B2F9-4463-A5B1-E32E5AA8787C}.Release|Any CPU.ActiveCfg = Release|Any CPU
		{DCC90263-B2F9-4463-A5B1-E32E5AA8787C}.Release|Any CPU.Build.0 = Release|Any CPU
	EndGlobalSection
	GlobalSection(SolutionProperties) = preSolution
		HideSolutionNode = FALSE
	EndGlobalSection
	GlobalSection(ExtensibilityGlobals) = postSolution
		SolutionGuid = {6D508B12-665D-43DA-ACF1-8A6677C24283}
	EndGlobalSection
EndGlobal
